// !$*UTF8*$!
{
	archiveVersion = 1;
	classes = {
	};
	objectVersion = 77;
	objects = {

/* Begin PBXBuildFile section */
		A07136C82F00C7F000AA8D49 /* DesignSystem in Frameworks */ = {isa = PBXBuildFile; productRef = A0EB3D402F00B91700E5E9A4 /* DesignSystem */; };
		A07136C92F00C7F000AA8D49 /* CoreFoundationKit in Frameworks */ = {isa = PBXBuildFile; productRef = A0EB3D432F00B92E00E5E9A4 /* CoreFoundationKit */; };
		A07136CA2F00C7F000AA8D49 /* CorePersistence in Frameworks */ = {isa = PBXBuildFile; productRef = A0EB3D462F00B93700E5E9A4 /* CorePersistence */; };
		A07136CB2F00C7F000AA8D49 /* CoreNetworking in Frameworks */ = {isa = PBXBuildFile; productRef = A0EB3D492F00B94400E5E9A4 /* CoreNetworking */; };
		A07136CC2F00C7F000AA8D49 /* CoreFoundationKit in Frameworks */ = {isa = PBXBuildFile; productRef = A0EB3D4C2F00B95400E5E9A4 /* CoreFoundationKit */; };
		A07136CD2F00C7F000AA8D49 /* CorePersistence in Frameworks */ = {isa = PBXBuildFile; productRef = A0EB3D4F2F00B96300E5E9A4 /* CorePersistence */; };
		A07136CE2F00C7F000AA8D49 /* CoreModels in Frameworks */ = {isa = PBXBuildFile; productRef = A0EB3D532F00B98300E5E9A4 /* CoreModels */; };
		A07136CF2F00C7F000AA8D49 /* CorePersistence in Frameworks */ = {isa = PBXBuildFile; productRef = A0EB3D5D2F00BA6900E5E9A4 /* CorePersistence */; };
		A07136D02F00C7F000AA8D49 /* CoreFoundationKit in Frameworks */ = {isa = PBXBuildFile; productRef = A0EB3D602F00BA6F00E5E9A4 /* CoreFoundationKit */; };
		A07136D12F00C7F000AA8D49 /* FeatureAuth in Frameworks */ = {isa = PBXBuildFile; productRef = A0EB3D632F00BA7400E5E9A4 /* FeatureAuth */; };
		A07136D22F00C7F000AA8D49 /* CoreNetworking in Frameworks */ = {isa = PBXBuildFile; productRef = A0EB3D662F00BA9500E5E9A4 /* CoreNetworking */; };
		A0EB3D3D2F00B8D800E5E9A4 /* FeatureAuth in Frameworks */ = {isa = PBXBuildFile; productRef = A0EB3D3C2F00B8D800E5E9A4 /* FeatureAuth */; };
		A0EB3D572F00B9B300E5E9A4 /* CoreModels in Frameworks */ = {isa = PBXBuildFile; productRef = A0EB3D562F00B9B300E5E9A4 /* CoreModels */; };
		A0EB3D5B2F00BA3F00E5E9A4 /* AppContainer in Frameworks */ = {isa = PBXBuildFile; productRef = A0EB3D5A2F00BA3F00E5E9A4 /* AppContainer */; };
		A0EB3D6A2F00BA9E00E5E9A4 /* DesignSystem in Frameworks */ = {isa = PBXBuildFile; productRef = A0EB3D692F00BA9E00E5E9A4 /* DesignSystem */; };
		A0FF8A2E2F01861A0000EDE0 /* AppContainer in Frameworks */ = {isa = PBXBuildFile; productRef = A0FF8A2D2F01861A0000EDE0 /* AppContainer */; };
		A0FF8A312F0186250000EDE0 /* CoreFoundationKit in Frameworks */ = {isa = PBXBuildFile; productRef = A0FF8A302F0186250000EDE0 /* CoreFoundationKit */; };
		A0FF8A342F01862D0000EDE0 /* CoreModels in Frameworks */ = {isa = PBXBuildFile; productRef = A0FF8A332F01862D0000EDE0 /* CoreModels */; };
		A0FF8A372F0186340000EDE0 /* DesignSystem in Frameworks */ = {isa = PBXBuildFile; productRef = A0FF8A362F0186340000EDE0 /* DesignSystem */; };
		A0FF8A3A2F01863F0000EDE0 /* CoreNetworking in Frameworks */ = {isa = PBXBuildFile; productRef = A0FF8A392F01863F0000EDE0 /* CoreNetworking */; };
		A0FF8A3D2F01864E0000EDE0 /* FeatureAuth in Frameworks */ = {isa = PBXBuildFile; productRef = A0FF8A3C2F01864E0000EDE0 /* FeatureAuth */; };
		A0FF8A402F01865A0000EDE0 /* CorePersistence in Frameworks */ = {isa = PBXBuildFile; productRef = A0FF8A3F2F01865A0000EDE0 /* CorePersistence */; };
/* End PBXBuildFile section */

/* Begin PBXFileReference section */
		A0BF93B82EFE17D500A17360 /* dinastia.app */ = {isa = PBXFileReference; explicitFileType = wrapper.application; includeInIndex = 0; path = dinastia.app; sourceTree = BUILT_PRODUCTS_DIR; };
/* End PBXFileReference section */

/* Begin PBXFileSystemSynchronizedBuildFileExceptionSet section */
		A04B56742F009298005AB848 /* Exceptions for "dinastia" folder in "dinastia" target */ = {
			isa = PBXFileSystemSynchronizedBuildFileExceptionSet;
			membershipExceptions = (
				Info.plist,
				Untitled.swift,
			);
			target = A0BF93B72EFE17D500A17360 /* dinastia */;
		};
/* End PBXFileSystemSynchronizedBuildFileExceptionSet section */

/* Begin PBXFileSystemSynchronizedRootGroup section */
		A0BF93BA2EFE17D500A17360 /* dinastia */ = {
			isa = PBXFileSystemSynchronizedRootGroup;
			exceptions = (
				A04B56742F009298005AB848 /* Exceptions for "dinastia" folder in "dinastia" target */,
			);
			path = dinastia;
			sourceTree = "<group>";
		};
/* End PBXFileSystemSynchronizedRootGroup section */

/* Begin PBXFrameworksBuildPhase section */
		A0BF93B52EFE17D500A17360 /* Frameworks */ = {
			isa = PBXFrameworksBuildPhase;
			buildActionMask = 2147483647;
			files = (
				A0FF8A2E2F01861A0000EDE0 /* AppContainer in Frameworks */,
				A0FF8A3D2F01864E0000EDE0 /* FeatureAuth in Frameworks */,
				A07136D22F00C7F000AA8D49 /* CoreNetworking in Frameworks */,
				A07136D12F00C7F000AA8D49 /* FeatureAuth in Frameworks */,
				A07136D02F00C7F000AA8D49 /* CoreFoundationKit in Frameworks */,
				A0FF8A402F01865A0000EDE0 /* CorePersistence in Frameworks */,
				A07136CF2F00C7F000AA8D49 /* CorePersistence in Frameworks */,
				A0FF8A372F0186340000EDE0 /* DesignSystem in Frameworks */,
				A07136CE2F00C7F000AA8D49 /* CoreModels in Frameworks */,
				A07136CD2F00C7F000AA8D49 /* CorePersistence in Frameworks */,
				A07136CC2F00C7F000AA8D49 /* CoreFoundationKit in Frameworks */,
				A07136CB2F00C7F000AA8D49 /* CoreNetworking in Frameworks */,
				A0FF8A312F0186250000EDE0 /* CoreFoundationKit in Frameworks */,
				A07136CA2F00C7F000AA8D49 /* CorePersistence in Frameworks */,
				A07136C92F00C7F000AA8D49 /* CoreFoundationKit in Frameworks */,
				A07136C82F00C7F000AA8D49 /* DesignSystem in Frameworks */,
				A0EB3D6A2F00BA9E00E5E9A4 /* DesignSystem in Frameworks */,
				A0FF8A3A2F01863F0000EDE0 /* CoreNetworking in Frameworks */,
				A0EB3D3D2F00B8D800E5E9A4 /* FeatureAuth in Frameworks */,
				A0FF8A342F01862D0000EDE0 /* CoreModels in Frameworks */,
				A0EB3D572F00B9B300E5E9A4 /* CoreModels in Frameworks */,
				A0EB3D5B2F00BA3F00E5E9A4 /* AppContainer in Frameworks */,
			);
			runOnlyForDeploymentPostprocessing = 0;
		};
/* End PBXFrameworksBuildPhase section */

/* Begin PBXGroup section */
		A018E6EB2F00853E00B33B2D /* Frameworks */ = {
			isa = PBXGroup;
			children = (
			);
			name = Frameworks;
			sourceTree = "<group>";
		};
		A0BF93AF2EFE17D500A17360 = {
			isa = PBXGroup;
			children = (
				A0BF93BA2EFE17D500A17360 /* dinastia */,
				A018E6EB2F00853E00B33B2D /* Frameworks */,
				A0BF93B92EFE17D500A17360 /* Products */,
			);
			sourceTree = "<group>";
		};
		A0BF93B92EFE17D500A17360 /* Products */ = {
			isa = PBXGroup;
			children = (
				A0BF93B82EFE17D500A17360 /* dinastia.app */,
			);
			name = Products;
			sourceTree = "<group>";
		};
/* End PBXGroup section */

/* Begin PBXNativeTarget section */
		A0BF93B72EFE17D500A17360 /* dinastia */ = {
			isa = PBXNativeTarget;
			buildConfigurationList = A0BF93C32EFE17D500A17360 /* Build configuration list for PBXNativeTarget "dinastia" */;
			buildPhases = (
				A0BF93B42EFE17D500A17360 /* Sources */,
				A0BF93B52EFE17D500A17360 /* Frameworks */,
				A0BF93B62EFE17D500A17360 /* Resources */,
			);
			buildRules = (
			);
			dependencies = (
			);
			fileSystemSynchronizedGroups = (
				A0BF93BA2EFE17D500A17360 /* dinastia */,
			);
			name = dinastia;
			packageProductDependencies = (
				A0EB3D3C2F00B8D800E5E9A4 /* FeatureAuth */,
				A0EB3D402F00B91700E5E9A4 /* DesignSystem */,
				A0EB3D432F00B92E00E5E9A4 /* CoreFoundationKit */,
				A0EB3D462F00B93700E5E9A4 /* CorePersistence */,
				A0EB3D492F00B94400E5E9A4 /* CoreNetworking */,
				A0EB3D4C2F00B95400E5E9A4 /* CoreFoundationKit */,
				A0EB3D4F2F00B96300E5E9A4 /* CorePersistence */,
				A0EB3D532F00B98300E5E9A4 /* CoreModels */,
				A0EB3D562F00B9B300E5E9A4 /* CoreModels */,
				A0EB3D5A2F00BA3F00E5E9A4 /* AppContainer */,
				A0EB3D5D2F00BA6900E5E9A4 /* CorePersistence */,
				A0EB3D602F00BA6F00E5E9A4 /* CoreFoundationKit */,
				A0EB3D632F00BA7400E5E9A4 /* FeatureAuth */,
				A0EB3D662F00BA9500E5E9A4 /* CoreNetworking */,
				A0EB3D692F00BA9E00E5E9A4 /* DesignSystem */,
				A0FF8A2D2F01861A0000EDE0 /* AppContainer */,
				A0FF8A302F0186250000EDE0 /* CoreFoundationKit */,
				A0FF8A332F01862D0000EDE0 /* CoreModels */,
				A0FF8A362F0186340000EDE0 /* DesignSystem */,
				A0FF8A392F01863F0000EDE0 /* CoreNetworking */,
				A0FF8A3C2F01864E0000EDE0 /* FeatureAuth */,
				A0FF8A3F2F01865A0000EDE0 /* CorePersistence */,
			);
			productName = dinastia;
			productReference = A0BF93B82EFE17D500A17360 /* dinastia.app */;
			productType = "com.apple.product-type.application";
		};
/* End PBXNativeTarget section */

/* Begin PBXProject section */
		A0BF93B02EFE17D500A17360 /* Project object */ = {
			isa = PBXProject;
			attributes = {
				BuildIndependentTargetsInParallel = 1;
				LastSwiftUpdateCheck = 2620;
				LastUpgradeCheck = 2620;
				TargetAttributes = {
					A0BF93B72EFE17D500A17360 = {
						CreatedOnToolsVersion = 26.2;
					};
				};
			};
			buildConfigurationList = A0BF93B32EFE17D500A17360 /* Build configuration list for PBXProject "dinastia" */;
			developmentRegion = en;
			hasScannedForEncodings = 0;
			knownRegions = (
				en,
				Base,
			);
			mainGroup = A0BF93AF2EFE17D500A17360;
			minimizedProjectReferenceProxies = 1;
			packageReferences = (
				A0FF8A2C2F01861A0000EDE0 /* XCLocalSwiftPackageReference "Core/AppContainer" */,
				A0FF8A2F2F0186240000EDE0 /* XCLocalSwiftPackageReference "Core/CoreFoundationKit" */,
				A0FF8A322F01862D0000EDE0 /* XCLocalSwiftPackageReference "Core/CoreModels" */,
				A0FF8A352F0186340000EDE0 /* XCLocalSwiftPackageReference "Core/DesignSystem" */,
				A0FF8A382F01863F0000EDE0 /* XCLocalSwiftPackageReference "Core/CoreNetworking" */,
				A0FF8A3B2F01864E0000EDE0 /* XCLocalSwiftPackageReference "Features/FeatureAuth" */,
				A0FF8A3E2F01865A0000EDE0 /* XCLocalSwiftPackageReference "Core/CorePersistence" */,
			);
			preferredProjectObjectVersion = 77;
			productRefGroup = A0BF93B92EFE17D500A17360 /* Products */;
			projectDirPath = "";
			projectRoot = "";
			targets = (
				A0BF93B72EFE17D500A17360 /* dinastia */,
			);
		};
/* End PBXProject section */

/* Begin PBXResourcesBuildPhase section */
		A0BF93B62EFE17D500A17360 /* Resources */ = {
			isa = PBXResourcesBuildPhase;
			buildActionMask = 2147483647;
			files = (
			);
			runOnlyForDeploymentPostprocessing = 0;
		};
/* End PBXResourcesBuildPhase section */

/* Begin PBXSourcesBuildPhase section */
		A0BF93B42EFE17D500A17360 /* Sources */ = {
			isa = PBXSourcesBuildPhase;
			buildActionMask = 2147483647;
			files = (
			);
			runOnlyForDeploymentPostprocessing = 0;
		};
/* End PBXSourcesBuildPhase section */

/* Begin XCBuildConfiguration section */
		A0BF93C12EFE17D500A17360 /* Debug */ = {
			isa = XCBuildConfiguration;
			buildSettings = {
				ALWAYS_SEARCH_USER_PATHS = NO;
				ASSETCATALOG_COMPILER_GENERATE_SWIFT_ASSET_SYMBOL_EXTENSIONS = YES;
				CLANG_ANALYZER_NONNULL = YES;
				CLANG_ANALYZER_NUMBER_OBJECT_CONVERSION = YES_AGGRESSIVE;
				CLANG_CXX_LANGUAGE_STANDARD = "gnu++20";
				CLANG_ENABLE_MODULES = YES;
				CLANG_ENABLE_OBJC_ARC = YES;
				CLANG_ENABLE_OBJC_WEAK = YES;
				CLANG_WARN_BLOCK_CAPTURE_AUTORELEASING = YES;
				CLANG_WARN_BOOL_CONVERSION = YES;
				CLANG_WARN_COMMA = YES;
				CLANG_WARN_CONSTANT_CONVERSION = YES;
				CLANG_WARN_DEPRECATED_OBJC_IMPLEMENTATIONS = YES;
				CLANG_WARN_DIRECT_OBJC_ISA_USAGE = YES_ERROR;
				CLANG_WARN_DOCUMENTATION_COMMENTS = YES;
				CLANG_WARN_EMPTY_BODY = YES;
				CLANG_WARN_ENUM_CONVERSION = YES;
				CLANG_WARN_INFINITE_RECURSION = YES;
				CLANG_WARN_INT_CONVERSION = YES;
				CLANG_WARN_NON_LITERAL_NULL_CONVERSION = YES;
				CLANG_WARN_OBJC_IMPLICIT_RETAIN_SELF = YES;
				CLANG_WARN_OBJC_LITERAL_CONVERSION = YES;
				CLANG_WARN_OBJC_ROOT_CLASS = YES_ERROR;
				CLANG_WARN_QUOTED_INCLUDE_IN_FRAMEWORK_HEADER = YES;
				CLANG_WARN_RANGE_LOOP_ANALYSIS = YES;
				CLANG_WARN_STRICT_PROTOTYPES = YES;
				CLANG_WARN_SUSPICIOUS_MOVE = YES;
				CLANG_WARN_UNGUARDED_AVAILABILITY = YES_AGGRESSIVE;
				CLANG_WARN_UNREACHABLE_CODE = YES;
				CLANG_WARN__DUPLICATE_METHOD_MATCH = YES;
				COPY_PHASE_STRIP = NO;
				DEBUG_INFORMATION_FORMAT = dwarf;
				DEVELOPMENT_TEAM = RC4YJ9527W;
				ENABLE_STRICT_OBJC_MSGSEND = YES;
				ENABLE_TESTABILITY = YES;
				ENABLE_USER_SCRIPT_SANDBOXING = YES;
				GCC_C_LANGUAGE_STANDARD = gnu17;
				GCC_DYNAMIC_NO_PIC = NO;
				GCC_NO_COMMON_BLOCKS = YES;
				GCC_OPTIMIZATION_LEVEL = 0;
				GCC_PREPROCESSOR_DEFINITIONS = (
					"DEBUG=1",
					"$(inherited)",
				);
				GCC_WARN_64_TO_32_BIT_CONVERSION = YES;
				GCC_WARN_ABOUT_RETURN_TYPE = YES_ERROR;
				GCC_WARN_UNDECLARED_SELECTOR = YES;
				GCC_WARN_UNINITIALIZED_AUTOS = YES_AGGRESSIVE;
				GCC_WARN_UNUSED_FUNCTION = YES;
				GCC_WARN_UNUSED_VARIABLE = YES;
				IPHONEOS_DEPLOYMENT_TARGET = 17.6;
				LOCALIZATION_PREFERS_STRING_CATALOGS = YES;
				MTL_ENABLE_DEBUG_INFO = INCLUDE_SOURCE;
				MTL_FAST_MATH = YES;
				ONLY_ACTIVE_ARCH = YES;
				SDKROOT = iphoneos;
				SWIFT_ACTIVE_COMPILATION_CONDITIONS = "DEBUG $(inherited)";
				SWIFT_OPTIMIZATION_LEVEL = "-Onone";
			};
			name = Debug;
		};
		A0BF93C22EFE17D500A17360 /* Release */ = {
			isa = XCBuildConfiguration;
			buildSettings = {
				ALWAYS_SEARCH_USER_PATHS = NO;
				ASSETCATALOG_COMPILER_GENERATE_SWIFT_ASSET_SYMBOL_EXTENSIONS = YES;
				CLANG_ANALYZER_NONNULL = YES;
				CLANG_ANALYZER_NUMBER_OBJECT_CONVERSION = YES_AGGRESSIVE;
				CLANG_CXX_LANGUAGE_STANDARD = "gnu++20";
				CLANG_ENABLE_MODULES = YES;
				CLANG_ENABLE_OBJC_ARC = YES;
				CLANG_ENABLE_OBJC_WEAK = YES;
				CLANG_WARN_BLOCK_CAPTURE_AUTORELEASING = YES;
				CLANG_WARN_BOOL_CONVERSION = YES;
				CLANG_WARN_COMMA = YES;
				CLANG_WARN_CONSTANT_CONVERSION = YES;
				CLANG_WARN_DEPRECATED_OBJC_IMPLEMENTATIONS = YES;
				CLANG_WARN_DIRECT_OBJC_ISA_USAGE = YES_ERROR;
				CLANG_WARN_DOCUMENTATION_COMMENTS = YES;
				CLANG_WARN_EMPTY_BODY = YES;
				CLANG_WARN_ENUM_CONVERSION = YES;
				CLANG_WARN_INFINITE_RECURSION = YES;
				CLANG_WARN_INT_CONVERSION = YES;
				CLANG_WARN_NON_LITERAL_NULL_CONVERSION = YES;
				CLANG_WARN_OBJC_IMPLICIT_RETAIN_SELF = YES;
				CLANG_WARN_OBJC_LITERAL_CONVERSION = YES;
				CLANG_WARN_OBJC_ROOT_CLASS = YES_ERROR;
				CLANG_WARN_QUOTED_INCLUDE_IN_FRAMEWORK_HEADER = YES;
				CLANG_WARN_RANGE_LOOP_ANALYSIS = YES;
				CLANG_WARN_STRICT_PROTOTYPES = YES;
				CLANG_WARN_SUSPICIOUS_MOVE = YES;
				CLANG_WARN_UNGUARDED_AVAILABILITY = YES_AGGRESSIVE;
				CLANG_WARN_UNREACHABLE_CODE = YES;
				CLANG_WARN__DUPLICATE_METHOD_MATCH = YES;
				COPY_PHASE_STRIP = NO;
				DEBUG_INFORMATION_FORMAT = "dwarf-with-dsym";
				DEVELOPMENT_TEAM = RC4YJ9527W;
				ENABLE_NS_ASSERTIONS = NO;
				ENABLE_STRICT_OBJC_MSGSEND = YES;
				ENABLE_USER_SCRIPT_SANDBOXING = YES;
				GCC_C_LANGUAGE_STANDARD = gnu17;
				GCC_NO_COMMON_BLOCKS = YES;
				GCC_WARN_64_TO_32_BIT_CONVERSION = YES;
				GCC_WARN_ABOUT_RETURN_TYPE = YES_ERROR;
				GCC_WARN_UNDECLARED_SELECTOR = YES;
				GCC_WARN_UNINITIALIZED_AUTOS = YES_AGGRESSIVE;
				GCC_WARN_UNUSED_FUNCTION = YES;
				GCC_WARN_UNUSED_VARIABLE = YES;
				IPHONEOS_DEPLOYMENT_TARGET = 17.6;
				LOCALIZATION_PREFERS_STRING_CATALOGS = YES;
				MTL_ENABLE_DEBUG_INFO = NO;
				MTL_FAST_MATH = YES;
				SDKROOT = iphoneos;
				SWIFT_COMPILATION_MODE = wholemodule;
				VALIDATE_PRODUCT = YES;
			};
			name = Release;
		};
		A0BF93C42EFE17D500A17360 /* Debug */ = {
			isa = XCBuildConfiguration;
			buildSettings = {
				ASSETCATALOG_COMPILER_APPICON_NAME = AppIcon;
				ASSETCATALOG_COMPILER_GLOBAL_ACCENT_COLOR_NAME = AccentColor;
				CODE_SIGN_STYLE = Automatic;
				CURRENT_PROJECT_VERSION = 1;
				DEVELOPMENT_TEAM = RC4YJ9527W;
				ENABLE_PREVIEWS = YES;
				GENERATE_INFOPLIST_FILE = YES;
				INFOPLIST_FILE = dinastia/Info.plist;
				INFOPLIST_KEY_LSApplicationCategoryType = "public.app-category.developer-tools";
				INFOPLIST_KEY_UIApplicationSceneManifest_Generation = YES;
				INFOPLIST_KEY_UIApplicationSupportsIndirectInputEvents = YES;
				INFOPLIST_KEY_UILaunchScreen_Generation = YES;
				INFOPLIST_KEY_UISupportedInterfaceOrientations_iPad = "UIInterfaceOrientationPortrait UIInterfaceOrientationPortraitUpsideDown UIInterfaceOrientationLandscapeLeft UIInterfaceOrientationLandscapeRight";
				INFOPLIST_KEY_UISupportedInterfaceOrientations_iPhone = "UIInterfaceOrientationPortrait UIInterfaceOrientationLandscapeLeft UIInterfaceOrientationLandscapeRight";
				IPHONEOS_DEPLOYMENT_TARGET = 17.6;
				LD_RUNPATH_SEARCH_PATHS = (
					"$(inherited)",
					"@executable_path/Frameworks",
				);
				MARKETING_VERSION = 1.0;
				PRODUCT_BUNDLE_IDENTIFIER = com.paul9834.dinastia;
				PRODUCT_NAME = "$(TARGET_NAME)";
				STRING_CATALOG_GENERATE_SYMBOLS = YES;
				SWIFT_APPROACHABLE_CONCURRENCY = YES;
				SWIFT_DEFAULT_ACTOR_ISOLATION = MainActor;
				SWIFT_EMIT_LOC_STRINGS = YES;
				SWIFT_UPCOMING_FEATURE_MEMBER_IMPORT_VISIBILITY = YES;
				SWIFT_VERSION = 5.0;
				TARGETED_DEVICE_FAMILY = "1,2";
			};
			name = Debug;
		};
		A0BF93C52EFE17D500A17360 /* Release */ = {
			isa = XCBuildConfiguration;
			buildSettings = {
				ASSETCATALOG_COMPILER_APPICON_NAME = AppIcon;
				ASSETCATALOG_COMPILER_GLOBAL_ACCENT_COLOR_NAME = AccentColor;
				CODE_SIGN_STYLE = Automatic;
				CURRENT_PROJECT_VERSION = 1;
				DEVELOPMENT_TEAM = RC4YJ9527W;
				ENABLE_PREVIEWS = YES;
				GENERATE_INFOPLIST_FILE = YES;
				INFOPLIST_FILE = dinastia/Info.plist;
				INFOPLIST_KEY_LSApplicationCategoryType = "public.app-category.developer-tools";
				INFOPLIST_KEY_UIApplicationSceneManifest_Generation = YES;
				INFOPLIST_KEY_UIApplicationSupportsIndirectInputEvents = YES;
				INFOPLIST_KEY_UILaunchScreen_Generation = YES;
				INFOPLIST_KEY_UISupportedInterfaceOrientations_iPad = "UIInterfaceOrientationPortrait UIInterfaceOrientationPortraitUpsideDown UIInterfaceOrientationLandscapeLeft UIInterfaceOrientationLandscapeRight";
				INFOPLIST_KEY_UISupportedInterfaceOrientations_iPhone = "UIInterfaceOrientationPortrait UIInterfaceOrientationLandscapeLeft UIInterfaceOrientationLandscapeRight";
				IPHONEOS_DEPLOYMENT_TARGET = 17.6;
				LD_RUNPATH_SEARCH_PATHS = (
					"$(inherited)",
					"@executable_path/Frameworks",
				);
				MARKETING_VERSION = 1.0;
				PRODUCT_BUNDLE_IDENTIFIER = com.paul9834.dinastia;
				PRODUCT_NAME = "$(TARGET_NAME)";
				STRING_CATALOG_GENERATE_SYMBOLS = YES;
				SWIFT_APPROACHABLE_CONCURRENCY = YES;
				SWIFT_DEFAULT_ACTOR_ISOLATION = MainActor;
				SWIFT_EMIT_LOC_STRINGS = YES;
				SWIFT_UPCOMING_FEATURE_MEMBER_IMPORT_VISIBILITY = YES;
				SWIFT_VERSION = 5.0;
				TARGETED_DEVICE_FAMILY = "1,2";
			};
			name = Release;
		};
/* End XCBuildConfiguration section */

/* Begin XCConfigurationList section */
		A0BF93B32EFE17D500A17360 /* Build configuration list for PBXProject "dinastia" */ = {
			isa = XCConfigurationList;
			buildConfigurations = (
				A0BF93C12EFE17D500A17360 /* Debug */,
				A0BF93C22EFE17D500A17360 /* Release */,
			);
			defaultConfigurationIsVisible = 0;
			defaultConfigurationName = Release;
		};
		A0BF93C32EFE17D500A17360 /* Build configuration list for PBXNativeTarget "dinastia" */ = {
			isa = XCConfigurationList;
			buildConfigurations = (
				A0BF93C42EFE17D500A17360 /* Debug */,
				A0BF93C52EFE17D500A17360 /* Release */,
			);
			defaultConfigurationIsVisible = 0;
			defaultConfigurationName = Release;
		};
/* End XCConfigurationList section */

/* Begin XCLocalSwiftPackageReference section */
		A0FF8A2C2F01861A0000EDE0 /* XCLocalSwiftPackageReference "Core/AppContainer" */ = {
			isa = XCLocalSwiftPackageReference;
			relativePath = Core/AppContainer;
		};
		A0FF8A2F2F0186240000EDE0 /* XCLocalSwiftPackageReference "Core/CoreFoundationKit" */ = {
			isa = XCLocalSwiftPackageReference;
			relativePath = Core/CoreFoundationKit;
		};
		A0FF8A322F01862D0000EDE0 /* XCLocalSwiftPackageReference "Core/CoreModels" */ = {
			isa = XCLocalSwiftPackageReference;
			relativePath = Core/CoreModels;
		};
		A0FF8A352F0186340000EDE0 /* XCLocalSwiftPackageReference "Core/DesignSystem" */ = {
			isa = XCLocalSwiftPackageReference;
			relativePath = Core/DesignSystem;
		};
		A0FF8A382F01863F0000EDE0 /* XCLocalSwiftPackageReference "Core/CoreNetworking" */ = {
			isa = XCLocalSwiftPackageReference;
			relativePath = Core/CoreNetworking;
		};
		A0FF8A3B2F01864E0000EDE0 /* XCLocalSwiftPackageReference "Features/FeatureAuth" */ = {
			isa = XCLocalSwiftPackageReference;
			relativePath = Features/FeatureAuth;
		};
		A0FF8A3E2F01865A0000EDE0 /* XCLocalSwiftPackageReference "Core/CorePersistence" */ = {
			isa = XCLocalSwiftPackageReference;
			relativePath = Core/CorePersistence;
		};
/* End XCLocalSwiftPackageReference section */

/* Begin XCSwiftPackageProductDependency section */
		A0EB3D3C2F00B8D800E5E9A4 /* FeatureAuth */ = {
			isa = XCSwiftPackageProductDependency;
			productName = FeatureAuth;
		};
		A0EB3D402F00B91700E5E9A4 /* DesignSystem */ = {
			isa = XCSwiftPackageProductDependency;
			productName = DesignSystem;
		};
		A0EB3D432F00B92E00E5E9A4 /* CoreFoundationKit */ = {
			isa = XCSwiftPackageProductDependency;
			productName = CoreFoundationKit;
		};
		A0EB3D462F00B93700E5E9A4 /* CorePersistence */ = {
			isa = XCSwiftPackageProductDependency;
			productName = CorePersistence;
		};
		A0EB3D492F00B94400E5E9A4 /* CoreNetworking */ = {
			isa = XCSwiftPackageProductDependency;
			productName = CoreNetworking;
		};
		A0EB3D4C2F00B95400E5E9A4 /* CoreFoundationKit */ = {
			isa = XCSwiftPackageProductDependency;
			productName = CoreFoundationKit;
		};
		A0EB3D4F2F00B96300E5E9A4 /* CorePersistence */ = {
			isa = XCSwiftPackageProductDependency;
			productName = CorePersistence;
		};
		A0EB3D532F00B98300E5E9A4 /* CoreModels */ = {
			isa = XCSwiftPackageProductDependency;
			productName = CoreModels;
		};
		A0EB3D562F00B9B300E5E9A4 /* CoreModels */ = {
			isa = XCSwiftPackageProductDependency;
			productName = CoreModels;
		};
		A0EB3D5A2F00BA3F00E5E9A4 /* AppContainer */ = {
			isa = XCSwiftPackageProductDependency;
			productName = AppContainer;
		};
		A0EB3D5D2F00BA6900E5E9A4 /* CorePersistence */ = {
			isa = XCSwiftPackageProductDependency;
			productName = CorePersistence;
		};
		A0EB3D602F00BA6F00E5E9A4 /* CoreFoundationKit */ = {
			isa = XCSwiftPackageProductDependency;
			productName = CoreFoundationKit;
		};
		A0EB3D632F00BA7400E5E9A4 /* FeatureAuth */ = {
			isa = XCSwiftPackageProductDependency;
			productName = FeatureAuth;
		};
		A0EB3D662F00BA9500E5E9A4 /* CoreNetworking */ = {
			isa = XCSwiftPackageProductDependency;
			productName = CoreNetworking;
		};
		A0EB3D692F00BA9E00E5E9A4 /* DesignSystem */ = {
			isa = XCSwiftPackageProductDependency;
			productName = DesignSystem;
		};
		A0FF8A2D2F01861A0000EDE0 /* AppContainer */ = {
			isa = XCSwiftPackageProductDependency;
			productName = AppContainer;
		};
		A0FF8A302F0186250000EDE0 /* CoreFoundationKit */ = {
			isa = XCSwiftPackageProductDependency;
			productName = CoreFoundationKit;
		};
		A0FF8A332F01862D0000EDE0 /* CoreModels */ = {
			isa = XCSwiftPackageProductDependency;
			productName = CoreModels;
		};
		A0FF8A362F0186340000EDE0 /* DesignSystem */ = {
			isa = XCSwiftPackageProductDependency;
			productName = DesignSystem;
		};
		A0FF8A392F01863F0000EDE0 /* CoreNetworking */ = {
			isa = XCSwiftPackageProductDependency;
			productName = CoreNetworking;
		};
		A0FF8A3C2F01864E0000EDE0 /* FeatureAuth */ = {
			isa = XCSwiftPackageProductDependency;
			productName = FeatureAuth;
		};
		A0FF8A3F2F01865A0000EDE0 /* CorePersistence */ = {
			isa = XCSwiftPackageProductDependency;
			productName = CorePersistence;
		};
/* End XCSwiftPackageProductDependency section */
	};
	rootObject = A0BF93B02EFE17D500A17360 /* Project object */;
}
