// !$*UTF8*$!
{
	archiveVersion = 1;
	classes = {
	};
	objectVersion = 77;
	objects = {

/* Begin PBXBuildFile section */
		A067E5242F00868F0057A742 /* CoreNetworking in Frameworks */ = {isa = PBXBuildFile; productRef = A067E5232F00868F0057A742 /* CoreNetworking */; };
		A067E5272F00869D0057A742 /* CorePersistence in Frameworks */ = {isa = PBXBuildFile; productRef = A067E5262F00869D0057A742 /* CorePersistence */; };
		A067E52A2F0086A60057A742 /* CoreFoundationKit in Frameworks */ = {isa = PBXBuildFile; productRef = A067E5292F0086A60057A742 /* CoreFoundationKit */; };
		A067E52D2F0086B00057A742 /* DesignSystem in Frameworks */ = {isa = PBXBuildFile; productRef = A067E52C2F0086B00057A742 /* DesignSystem */; };
		A067E5302F0086C00057A742 /* AppContainer in Frameworks */ = {isa = PBXBuildFile; productRef = A067E52F2F0086C00057A742 /* AppContainer */; };
		A0DAD7E12F008A2600E13B1D /* FeatureAuth in Frameworks */ = {isa = PBXBuildFile; productRef = A0DAD7E02F008A2600E13B1D /* FeatureAuth */; };
/* End PBXBuildFile section */

/* Begin PBXFileReference section */
		A018E6EC2F00853E00B33B2D /* CoreModels */ = {isa = PBXFileReference; lastKnownFileType = wrapper; path = CoreModels; sourceTree = "<group>"; };
		A0BF93B82EFE17D500A17360 /* dinastia.app */ = {isa = PBXFileReference; explicitFileType = wrapper.application; includeInIndex = 0; path = dinastia.app; sourceTree = BUILT_PRODUCTS_DIR; };
/* End PBXFileReference section */

/* Begin PBXFileSystemSynchronizedRootGroup section */
		A0BF93BA2EFE17D500A17360 /* dinastia */ = {
			isa = PBXFileSystemSynchronizedRootGroup;
			path = dinastia;
			sourceTree = "<group>";
		};
/* End PBXFileSystemSynchronizedRootGroup section */

/* Begin PBXFrameworksBuildPhase section */
		A0BF93B52EFE17D500A17360 /* Frameworks */ = {
			isa = PBXFrameworksBuildPhase;
			buildActionMask = 2147483647;
			files = (
				A067E52D2F0086B00057A742 /* DesignSystem in Frameworks */,
				A0DAD7E12F008A2600E13B1D /* FeatureAuth in Frameworks */,
				A067E52A2F0086A60057A742 /* CoreFoundationKit in Frameworks */,
				A067E5242F00868F0057A742 /* CoreNetworking in Frameworks */,
				A067E5302F0086C00057A742 /* AppContainer in Frameworks */,
				A067E5272F00869D0057A742 /* CorePersistence in Frameworks */,
			);
			runOnlyForDeploymentPostprocessing = 0;
		};
/* End PBXFrameworksBuildPhase section */

/* Begin PBXGroup section */
		A018E6EB2F00853E00B33B2D /* Frameworks */ = {
			isa = PBXGroup;
			children = (
				A018E6EC2F00853E00B33B2D /* CoreModels */,
			);
			name = Frameworks;
			sourceTree = "<group>";
		};
		A0BF93AF2EFE17D500A17360 = {
			isa = PBXGroup;
			children = (
				A0BF93BA2EFE17D500A17360 /* dinastia */,
				A018E6EB2F00853E00B33B2D /* Frameworks */,
				A0BF93B92EFE17D500A17360 /* Products */,
			);
			sourceTree = "<group>";
		};
		A0BF93B92EFE17D500A17360 /* Products */ = {
			isa = PBXGroup;
			children = (
				A0BF93B82EFE17D500A17360 /* dinastia.app */,
			);
			name = Products;
			sourceTree = "<group>";
		};
/* End PBXGroup section */

/* Begin PBXNativeTarget section */
		A0BF93B72EFE17D500A17360 /* dinastia */ = {
			isa = PBXNativeTarget;
			buildConfigurationList = A0BF93C32EFE17D500A17360 /* Build configuration list for PBXNativeTarget "dinastia" */;
			buildPhases = (
				A0BF93B42EFE17D500A17360 /* Sources */,
				A0BF93B52EFE17D500A17360 /* Frameworks */,
				A0BF93B62EFE17D500A17360 /* Resources */,
			);
			buildRules = (
			);
			dependencies = (
			);
			fileSystemSynchronizedGroups = (
				A0BF93BA2EFE17D500A17360 /* dinastia */,
			);
			name = dinastia;
			packageProductDependencies = (
				A067E5232F00868F0057A742 /* CoreNetworking */,
				A067E5262F00869D0057A742 /* CorePersistence */,
				A067E5292F0086A60057A742 /* CoreFoundationKit */,
				A067E52C2F0086B00057A742 /* DesignSystem */,
				A067E52F2F0086C00057A742 /* AppContainer */,
				A0DAD7E02F008A2600E13B1D /* FeatureAuth */,
			);
			productName = dinastia;
			productReference = A0BF93B82EFE17D500A17360 /* dinastia.app */;
			productType = "com.apple.product-type.application";
		};
/* End PBXNativeTarget section */

/* Begin PBXProject section */
		A0BF93B02EFE17D500A17360 /* Project object */ = {
			isa = PBXProject;
			attributes = {
				BuildIndependentTargetsInParallel = 1;
				LastSwiftUpdateCheck = 2620;
				LastUpgradeCheck = 2620;
				TargetAttributes = {
					A0BF93B72EFE17D500A17360 = {
						CreatedOnToolsVersion = 26.2;
					};
				};
			};
			buildConfigurationList = A0BF93B32EFE17D500A17360 /* Build configuration list for PBXProject "dinastia" */;
			developmentRegion = en;
			hasScannedForEncodings = 0;
			knownRegions = (
				en,
				Base,
			);
			mainGroup = A0BF93AF2EFE17D500A17360;
			minimizedProjectReferenceProxies = 1;
			packageReferences = (
				A067E5222F00868F0057A742 /* XCLocalSwiftPackageReference "CoreNetworking" */,
				A067E5252F00869D0057A742 /* XCLocalSwiftPackageReference "CorePersistence" */,
				A067E5282F0086A60057A742 /* XCLocalSwiftPackageReference "CoreFoundationKit" */,
				A067E52B2F0086B00057A742 /* XCLocalSwiftPackageReference "DesignSystem" */,
				A067E52E2F0086C00057A742 /* XCLocalSwiftPackageReference "AppContainer" */,
				A0DAD7DF2F008A2600E13B1D /* XCLocalSwiftPackageReference "FeatureAuth" */,
			);
			preferredProjectObjectVersion = 77;
			productRefGroup = A0BF93B92EFE17D500A17360 /* Products */;
			projectDirPath = "";
			projectRoot = "";
			targets = (
				A0BF93B72EFE17D500A17360 /* dinastia */,
			);
		};
/* End PBXProject section */

/* Begin PBXResourcesBuildPhase section */
		A0BF93B62EFE17D500A17360 /* Resources */ = {
			isa = PBXResourcesBuildPhase;
			buildActionMask = 2147483647;
			files = (
			);
			runOnlyForDeploymentPostprocessing = 0;
		};
/* End PBXResourcesBuildPhase section */

/* Begin PBXSourcesBuildPhase section */
		A0BF93B42EFE17D500A17360 /* Sources */ = {
			isa = PBXSourcesBuildPhase;
			buildActionMask = 2147483647;
			files = (
			);
			runOnlyForDeploymentPostprocessing = 0;
		};
/* End PBXSourcesBuildPhase section */

/* Begin XCBuildConfiguration section */
		A0BF93C12EFE17D500A17360 /* Debug */ = {
			isa = XCBuildConfiguration;
			buildSettings = {
				ALWAYS_SEARCH_USER_PATHS = NO;
				ASSETCATALOG_COMPILER_GENERATE_SWIFT_ASSET_SYMBOL_EXTENSIONS = YES;
				CLANG_ANALYZER_NONNULL = YES;
				CLANG_ANALYZER_NUMBER_OBJECT_CONVERSION = YES_AGGRESSIVE;
				CLANG_CXX_LANGUAGE_STANDARD = "gnu++20";
				CLANG_ENABLE_MODULES = YES;
				CLANG_ENABLE_OBJC_ARC = YES;
				CLANG_ENABLE_OBJC_WEAK = YES;
				CLANG_WARN_BLOCK_CAPTURE_AUTORELEASING = YES;
				CLANG_WARN_BOOL_CONVERSION = YES;
				CLANG_WARN_COMMA = YES;
				CLANG_WARN_CONSTANT_CONVERSION = YES;
				CLANG_WARN_DEPRECATED_OBJC_IMPLEMENTATIONS = YES;
				CLANG_WARN_DIRECT_OBJC_ISA_USAGE = YES_ERROR;
				CLANG_WARN_DOCUMENTATION_COMMENTS = YES;
				CLANG_WARN_EMPTY_BODY = YES;
				CLANG_WARN_ENUM_CONVERSION = YES;
				CLANG_WARN_INFINITE_RECURSION = YES;
				CLANG_WARN_INT_CONVERSION = YES;
				CLANG_WARN_NON_LITERAL_NULL_CONVERSION = YES;
				CLANG_WARN_OBJC_IMPLICIT_RETAIN_SELF = YES;
				CLANG_WARN_OBJC_LITERAL_CONVERSION = YES;
				CLANG_WARN_OBJC_ROOT_CLASS = YES_ERROR;
				CLANG_WARN_QUOTED_INCLUDE_IN_FRAMEWORK_HEADER = YES;
				CLANG_WARN_RANGE_LOOP_ANALYSIS = YES;
				CLANG_WARN_STRICT_PROTOTYPES = YES;
				CLANG_WARN_SUSPICIOUS_MOVE = YES;
				CLANG_WARN_UNGUARDED_AVAILABILITY = YES_AGGRESSIVE;
				CLANG_WARN_UNREACHABLE_CODE = YES;
				CLANG_WARN__DUPLICATE_METHOD_MATCH = YES;
				COPY_PHASE_STRIP = NO;
				DEBUG_INFORMATION_FORMAT = dwarf;
				DEVELOPMENT_TEAM = RC4YJ9527W;
				ENABLE_STRICT_OBJC_MSGSEND = YES;
				ENABLE_TESTABILITY = YES;
				ENABLE_USER_SCRIPT_SANDBOXING = YES;
				GCC_C_LANGUAGE_STANDARD = gnu17;
				GCC_DYNAMIC_NO_PIC = NO;
				GCC_NO_COMMON_BLOCKS = YES;
				GCC_OPTIMIZATION_LEVEL = 0;
				GCC_PREPROCESSOR_DEFINITIONS = (
					"DEBUG=1",
					"$(inherited)",
				);
				GCC_WARN_64_TO_32_BIT_CONVERSION = YES;
				GCC_WARN_ABOUT_RETURN_TYPE = YES_ERROR;
				GCC_WARN_UNDECLARED_SELECTOR = YES;
				GCC_WARN_UNINITIALIZED_AUTOS = YES_AGGRESSIVE;
				GCC_WARN_UNUSED_FUNCTION = YES;
				GCC_WARN_UNUSED_VARIABLE = YES;
				IPHONEOS_DEPLOYMENT_TARGET = 26.2;
				LOCALIZATION_PREFERS_STRING_CATALOGS = YES;
				MTL_ENABLE_DEBUG_INFO = INCLUDE_SOURCE;
				MTL_FAST_MATH = YES;
				ONLY_ACTIVE_ARCH = YES;
				SDKROOT = iphoneos;
				SWIFT_ACTIVE_COMPILATION_CONDITIONS = "DEBUG $(inherited)";
				SWIFT_OPTIMIZATION_LEVEL = "-Onone";
			};
			name = Debug;
		};
		A0BF93C22EFE17D500A17360 /* Release */ = {
			isa = XCBuildConfiguration;
			buildSettings = {
				ALWAYS_SEARCH_USER_PATHS = NO;
				ASSETCATALOG_COMPILER_GENERATE_SWIFT_ASSET_SYMBOL_EXTENSIONS = YES;
				CLANG_ANALYZER_NONNULL = YES;
				CLANG_ANALYZER_NUMBER_OBJECT_CONVERSION = YES_AGGRESSIVE;
				CLANG_CXX_LANGUAGE_STANDARD = "gnu++20";
				CLANG_ENABLE_MODULES = YES;
				CLANG_ENABLE_OBJC_ARC = YES;
				CLANG_ENABLE_OBJC_WEAK = YES;
				CLANG_WARN_BLOCK_CAPTURE_AUTORELEASING = YES;
				CLANG_WARN_BOOL_CONVERSION = YES;
				CLANG_WARN_COMMA = YES;
				CLANG_WARN_CONSTANT_CONVERSION = YES;
				CLANG_WARN_DEPRECATED_OBJC_IMPLEMENTATIONS = YES;
				CLANG_WARN_DIRECT_OBJC_ISA_USAGE = YES_ERROR;
				CLANG_WARN_DOCUMENTATION_COMMENTS = YES;
				CLANG_WARN_EMPTY_BODY = YES;
				CLANG_WARN_ENUM_CONVERSION = YES;
				CLANG_WARN_INFINITE_RECURSION = YES;
				CLANG_WARN_INT_CONVERSION = YES;
				CLANG_WARN_NON_LITERAL_NULL_CONVERSION = YES;
				CLANG_WARN_OBJC_IMPLICIT_RETAIN_SELF = YES;
				CLANG_WARN_OBJC_LITERAL_CONVERSION = YES;
				CLANG_WARN_OBJC_ROOT_CLASS = YES_ERROR;
				CLANG_WARN_QUOTED_INCLUDE_IN_FRAMEWORK_HEADER = YES;
				CLANG_WARN_RANGE_LOOP_ANALYSIS = YES;
				CLANG_WARN_STRICT_PROTOTYPES = YES;
				CLANG_WARN_SUSPICIOUS_MOVE = YES;
				CLANG_WARN_UNGUARDED_AVAILABILITY = YES_AGGRESSIVE;
				CLANG_WARN_UNREACHABLE_CODE = YES;
				CLANG_WARN__DUPLICATE_METHOD_MATCH = YES;
				COPY_PHASE_STRIP = NO;
				DEBUG_INFORMATION_FORMAT = "dwarf-with-dsym";
				DEVELOPMENT_TEAM = RC4YJ9527W;
				ENABLE_NS_ASSERTIONS = NO;
				ENABLE_STRICT_OBJC_MSGSEND = YES;
				ENABLE_USER_SCRIPT_SANDBOXING = YES;
				GCC_C_LANGUAGE_STANDARD = gnu17;
				GCC_NO_COMMON_BLOCKS = YES;
				GCC_WARN_64_TO_32_BIT_CONVERSION = YES;
				GCC_WARN_ABOUT_RETURN_TYPE = YES_ERROR;
				GCC_WARN_UNDECLARED_SELECTOR = YES;
				GCC_WARN_UNINITIALIZED_AUTOS = YES_AGGRESSIVE;
				GCC_WARN_UNUSED_FUNCTION = YES;
				GCC_WARN_UNUSED_VARIABLE = YES;
				IPHONEOS_DEPLOYMENT_TARGET = 26.2;
				LOCALIZATION_PREFERS_STRING_CATALOGS = YES;
				MTL_ENABLE_DEBUG_INFO = NO;
				MTL_FAST_MATH = YES;
				SDKROOT = iphoneos;
				SWIFT_COMPILATION_MODE = wholemodule;
				VALIDATE_PRODUCT = YES;
			};
			name = Release;
		};
		A0BF93C42EFE17D500A17360 /* Debug */ = {
			isa = XCBuildConfiguration;
			buildSettings = {
				ASSETCATALOG_COMPILER_APPICON_NAME = AppIcon;
				ASSETCATALOG_COMPILER_GLOBAL_ACCENT_COLOR_NAME = AccentColor;
				CODE_SIGN_STYLE = Automatic;
				CURRENT_PROJECT_VERSION = 1;
				DEVELOPMENT_TEAM = RC4YJ9527W;
				ENABLE_PREVIEWS = YES;
				GENERATE_INFOPLIST_FILE = YES;
				INFOPLIST_KEY_LSApplicationCategoryType = "public.app-category.developer-tools";
				INFOPLIST_KEY_UIApplicationSceneManifest_Generation = YES;
				INFOPLIST_KEY_UIApplicationSupportsIndirectInputEvents = YES;
				INFOPLIST_KEY_UILaunchScreen_Generation = YES;
				INFOPLIST_KEY_UISupportedInterfaceOrientations_iPad = "UIInterfaceOrientationPortrait UIInterfaceOrientationPortraitUpsideDown UIInterfaceOrientationLandscapeLeft UIInterfaceOrientationLandscapeRight";
				INFOPLIST_KEY_UISupportedInterfaceOrientations_iPhone = "UIInterfaceOrientationPortrait UIInterfaceOrientationLandscapeLeft UIInterfaceOrientationLandscapeRight";
				LD_RUNPATH_SEARCH_PATHS = (
					"$(inherited)",
					"@executable_path/Frameworks",
				);
				MARKETING_VERSION = 1.0;
				PRODUCT_BUNDLE_IDENTIFIER = com.paul9834.dinastia;
				PRODUCT_NAME = "$(TARGET_NAME)";
				STRING_CATALOG_GENERATE_SYMBOLS = YES;
				SWIFT_APPROACHABLE_CONCURRENCY = YES;
				SWIFT_DEFAULT_ACTOR_ISOLATION = MainActor;
				SWIFT_EMIT_LOC_STRINGS = YES;
				SWIFT_UPCOMING_FEATURE_MEMBER_IMPORT_VISIBILITY = YES;
				SWIFT_VERSION = 5.0;
				TARGETED_DEVICE_FAMILY = "1,2";
			};
			name = Debug;
		};
		A0BF93C52EFE17D500A17360 /* Release */ = {
			isa = XCBuildConfiguration;
			buildSettings = {
				ASSETCATALOG_COMPILER_APPICON_NAME = AppIcon;
				ASSETCATALOG_COMPILER_GLOBAL_ACCENT_COLOR_NAME = AccentColor;
				CODE_SIGN_STYLE = Automatic;
				CURRENT_PROJECT_VERSION = 1;
				DEVELOPMENT_TEAM = RC4YJ9527W;
				ENABLE_PREVIEWS = YES;
				GENERATE_INFOPLIST_FILE = YES;
				INFOPLIST_KEY_LSApplicationCategoryType = "public.app-category.developer-tools";
				INFOPLIST_KEY_UIApplicationSceneManifest_Generation = YES;
				INFOPLIST_KEY_UIApplicationSupportsIndirectInputEvents = YES;
				INFOPLIST_KEY_UILaunchScreen_Generation = YES;
				INFOPLIST_KEY_UISupportedInterfaceOrientations_iPad = "UIInterfaceOrientationPortrait UIInterfaceOrientationPortraitUpsideDown UIInterfaceOrientationLandscapeLeft UIInterfaceOrientationLandscapeRight";
				INFOPLIST_KEY_UISupportedInterfaceOrientations_iPhone = "UIInterfaceOrientationPortrait UIInterfaceOrientationLandscapeLeft UIInterfaceOrientationLandscapeRight";
				LD_RUNPATH_SEARCH_PATHS = (
					"$(inherited)",
					"@executable_path/Frameworks",
				);
				MARKETING_VERSION = 1.0;
				PRODUCT_BUNDLE_IDENTIFIER = com.paul9834.dinastia;
				PRODUCT_NAME = "$(TARGET_NAME)";
				STRING_CATALOG_GENERATE_SYMBOLS = YES;
				SWIFT_APPROACHABLE_CONCURRENCY = YES;
				SWIFT_DEFAULT_ACTOR_ISOLATION = MainActor;
				SWIFT_EMIT_LOC_STRINGS = YES;
				SWIFT_UPCOMING_FEATURE_MEMBER_IMPORT_VISIBILITY = YES;
				SWIFT_VERSION = 5.0;
				TARGETED_DEVICE_FAMILY = "1,2";
			};
			name = Release;
		};
/* End XCBuildConfiguration section */

/* Begin XCConfigurationList section */
		A0BF93B32EFE17D500A17360 /* Build configuration list for PBXProject "dinastia" */ = {
			isa = XCConfigurationList;
			buildConfigurations = (
				A0BF93C12EFE17D500A17360 /* Debug */,
				A0BF93C22EFE17D500A17360 /* Release */,
			);
			defaultConfigurationIsVisible = 0;
			defaultConfigurationName = Release;
		};
		A0BF93C32EFE17D500A17360 /* Build configuration list for PBXNativeTarget "dinastia" */ = {
			isa = XCConfigurationList;
			buildConfigurations = (
				A0BF93C42EFE17D500A17360 /* Debug */,
				A0BF93C52EFE17D500A17360 /* Release */,
			);
			defaultConfigurationIsVisible = 0;
			defaultConfigurationName = Release;
		};
/* End XCConfigurationList section */

/* Begin XCLocalSwiftPackageReference section */
		A067E5222F00868F0057A742 /* XCLocalSwiftPackageReference "CoreNetworking" */ = {
			isa = XCLocalSwiftPackageReference;
			relativePath = CoreNetworking;
		};
		A067E5252F00869D0057A742 /* XCLocalSwiftPackageReference "CorePersistence" */ = {
			isa = XCLocalSwiftPackageReference;
			relativePath = CorePersistence;
		};
		A067E5282F0086A60057A742 /* XCLocalSwiftPackageReference "CoreFoundationKit" */ = {
			isa = XCLocalSwiftPackageReference;
			relativePath = CoreFoundationKit;
		};
		A067E52B2F0086B00057A742 /* XCLocalSwiftPackageReference "DesignSystem" */ = {
			isa = XCLocalSwiftPackageReference;
			relativePath = DesignSystem;
		};
		A067E52E2F0086C00057A742 /* XCLocalSwiftPackageReference "AppContainer" */ = {
			isa = XCLocalSwiftPackageReference;
			relativePath = AppContainer;
		};
		A0DAD7DF2F008A2600E13B1D /* XCLocalSwiftPackageReference "FeatureAuth" */ = {
			isa = XCLocalSwiftPackageReference;
			relativePath = FeatureAuth;
		};
/* End XCLocalSwiftPackageReference section */

/* Begin XCSwiftPackageProductDependency section */
		A067E5232F00868F0057A742 /* CoreNetworking */ = {
			isa = XCSwiftPackageProductDependency;
			productName = CoreNetworking;
		};
		A067E5262F00869D0057A742 /* CorePersistence */ = {
			isa = XCSwiftPackageProductDependency;
			productName = CorePersistence;
		};
		A067E5292F0086A60057A742 /* CoreFoundationKit */ = {
			isa = XCSwiftPackageProductDependency;
			productName = CoreFoundationKit;
		};
		A067E52C2F0086B00057A742 /* DesignSystem */ = {
			isa = XCSwiftPackageProductDependency;
			productName = DesignSystem;
		};
		A067E52F2F0086C00057A742 /* AppContainer */ = {
			isa = XCSwiftPackageProductDependency;
			productName = AppContainer;
		};
		A0DAD7E02F008A2600E13B1D /* FeatureAuth */ = {
			isa = XCSwiftPackageProductDependency;
			productName = FeatureAuth;
		};
/* End XCSwiftPackageProductDependency section */
	};
	rootObject = A0BF93B02EFE17D500A17360 /* Project object */;
}
